{
  "name": "relay-repo-clientid-issue",
  "version": "1.0.0",
  "lockfileVersion": 2,
  "requires": true,
  "packages": {
    "": {
      "name": "relay-repo-clientid-issue",
      "version": "1.0.0",
      "license": "ISC",
      "dependencies": {
        "graphql": "^16.6.0",
        "relay-compiler": "^14.1.0"
      }
    },
    "node_modules/graphql": {
      "version": "16.6.0",
      "resolved": "https://registry.npmjs.org/graphql/-/graphql-16.6.0.tgz",
      "integrity": "sha512-KPIBPDlW7NxrbT/eh4qPXz5FiFdL5UbaA0XUNz2Rp3Z3hqBSkbj0GVjwFDztsWVauZUWsbKHgMg++sk8UX0bkw==",
      "engines": {
        "node": "^12.22.0 || ^14.16.0 || ^16.0.0 || >=17.0.0"
      }
    },
    "node_modules/relay-compiler": {
      "version": "14.1.0",
      "resolved": "https://registry.npmjs.org/relay-compiler/-/relay-compiler-14.1.0.tgz",
      "integrity": "sha512-P8+CXm+Hq96z5NNwYl7hyGo5GgvMZDs9mXBRv7txUbJO4Ql9mXio3+D9EX3VfevRWTuE4ahM37i3Ssx1H604vA==",
      "bin": {
        "relay-compiler": "cli.js"
      }
    }
  },
  "dependencies": {
    "graphql": {
      "version": "16.6.0",
      "resolved": "https://registry.npmjs.org/graphql/-/graphql-16.6.0.tgz",
      "integrity": "sha512-KPIBPDlW7NxrbT/eh4qPXz5FiFdL5UbaA0XUNz2Rp3Z3hqBSkbj0GVjwFDztsWVauZUWsbKHgMg++sk8UX0bkw=="
    },
    "relay-compiler": {
      "version": "14.1.0",
      "resolved": "https://registry.npmjs.org/relay-compiler/-/relay-compiler-14.1.0.tgz",
      "integrity": "sha512-P8+CXm+Hq96z5NNwYl7hyGo5GgvMZDs9mXBRv7txUbJO4Ql9mXio3+D9EX3VfevRWTuE4ahM37i3Ssx1H604vA=="
    }
  }
}
